// !$*UTF8*$!
{
	archiveVersion = 1;
	classes = {
	};
	objectVersion = 50;
	objects = {

/* Begin PBXBuildFile section */
		CA70503125734E800036B4FB /* AppDelegate.swift in Sources */ = {isa = PBXBuildFile; fileRef = CA70503025734E800036B4FB /* AppDelegate.swift */; };
		CA70503525734E800036B4FB /* CoffeeMakerViewController.swift in Sources */ = {isa = PBXBuildFile; fileRef = CA70503425734E800036B4FB /* CoffeeMakerViewController.swift */; };
		CA70503825734E800036B4FB /* Main.storyboard in Resources */ = {isa = PBXBuildFile; fileRef = CA70503625734E800036B4FB /* Main.storyboard */; };
		CA70503A25734E810036B4FB /* Assets.xcassets in Resources */ = {isa = PBXBuildFile; fileRef = CA70503925734E810036B4FB /* Assets.xcassets */; };
		CA70503D25734E810036B4FB /* LaunchScreen.storyboard in Resources */ = {isa = PBXBuildFile; fileRef = CA70503B25734E810036B4FB /* LaunchScreen.storyboard */; };
		CA70504625734E960036B4FB /* Components.swift in Sources */ = {isa = PBXBuildFile; fileRef = CA70504525734E960036B4FB /* Components.swift */; };
		CA70504925734EDA0036B4FB /* CoffeeMakerViewModel.swift in Sources */ = {isa = PBXBuildFile; fileRef = CA70504825734EDA0036B4FB /* CoffeeMakerViewModel.swift */; };
		CA70504D25734EFF0036B4FB /* Resolver.swift in Sources */ = {isa = PBXBuildFile; fileRef = CA70504C25734EFF0036B4FB /* Resolver.swift */; };
		CA70505025734F150036B4FB /* Inject.swift in Sources */ = {isa = PBXBuildFile; fileRef = CA70504F25734F150036B4FB /* Inject.swift */; };
		CA705053257357400036B4FB /* DiContainer.swift in Sources */ = {isa = PBXBuildFile; fileRef = CA705052257357400036B4FB /* DiContainer.swift */; };
		CA9160B525761E5300DA1829 /* CustomerViewModel.swift in Sources */ = {isa = PBXBuildFile; fileRef = CA9160B425761E5300DA1829 /* CustomerViewModel.swift */; };
		CA9160B825761F7C00DA1829 /* CoffeMakerCoordinator.swift in Sources */ = {isa = PBXBuildFile; fileRef = CA9160B725761F7C00DA1829 /* CoffeMakerCoordinator.swift */; };
		CA9160BB2576204100DA1829 /* NextViewController.swift in Sources */ = {isa = PBXBuildFile; fileRef = CA9160BA2576204100DA1829 /* NextViewController.swift */; };
/* End PBXBuildFile section */

/* Begin PBXFileReference section */
		CA70502D25734E800036B4FB /* DiWithPropertyWrapper.app */ = {isa = PBXFileReference; explicitFileType = wrapper.application; includeInIndex = 0; path = DiWithPropertyWrapper.app; sourceTree = BUILT_PRODUCTS_DIR; };
		CA70503025734E800036B4FB /* AppDelegate.swift */ = {isa = PBXFileReference; lastKnownFileType = sourcecode.swift; path = AppDelegate.swift; sourceTree = "<group>"; };
		CA70503425734E800036B4FB /* CoffeeMakerViewController.swift */ = {isa = PBXFileReference; lastKnownFileType = sourcecode.swift; path = CoffeeMakerViewController.swift; sourceTree = "<group>"; };
		CA70503725734E800036B4FB /* Base */ = {isa = PBXFileReference; lastKnownFileType = file.storyboard; name = Base; path = Base.lproj/Main.storyboard; sourceTree = "<group>"; };
		CA70503925734E810036B4FB /* Assets.xcassets */ = {isa = PBXFileReference; lastKnownFileType = folder.assetcatalog; path = Assets.xcassets; sourceTree = "<group>"; };
		CA70503C25734E810036B4FB /* Base */ = {isa = PBXFileReference; lastKnownFileType = file.storyboard; name = Base; path = Base.lproj/LaunchScreen.storyboard; sourceTree = "<group>"; };
		CA70503E25734E810036B4FB /* Info.plist */ = {isa = PBXFileReference; lastKnownFileType = text.plist.xml; path = Info.plist; sourceTree = "<group>"; };
		CA70504525734E960036B4FB /* Components.swift */ = {isa = PBXFileReference; lastKnownFileType = sourcecode.swift; path = Components.swift; sourceTree = "<group>"; };
		CA70504825734EDA0036B4FB /* CoffeeMakerViewModel.swift */ = {isa = PBXFileReference; lastKnownFileType = sourcecode.swift; path = CoffeeMakerViewModel.swift; sourceTree = "<group>"; };
		CA70504C25734EFF0036B4FB /* Resolver.swift */ = {isa = PBXFileReference; lastKnownFileType = sourcecode.swift; path = Resolver.swift; sourceTree = "<group>"; };
		CA70504F25734F150036B4FB /* Inject.swift */ = {isa = PBXFileReference; lastKnownFileType = sourcecode.swift; path = Inject.swift; sourceTree = "<group>"; };
		CA705052257357400036B4FB /* DiContainer.swift */ = {isa = PBXFileReference; lastKnownFileType = sourcecode.swift; path = DiContainer.swift; sourceTree = "<group>"; };
		CA9160B425761E5300DA1829 /* CustomerViewModel.swift */ = {isa = PBXFileReference; lastKnownFileType = sourcecode.swift; path = CustomerViewModel.swift; sourceTree = "<group>"; };
		CA9160B725761F7C00DA1829 /* CoffeMakerCoordinator.swift */ = {isa = PBXFileReference; lastKnownFileType = sourcecode.swift; path = CoffeMakerCoordinator.swift; sourceTree = "<group>"; };
		CA9160BA2576204100DA1829 /* NextViewController.swift */ = {isa = PBXFileReference; lastKnownFileType = sourcecode.swift; path = NextViewController.swift; sourceTree = "<group>"; };
/* End PBXFileReference section */

/* Begin PBXFrameworksBuildPhase section */
		CA70502A25734E800036B4FB /* Frameworks */ = {
			isa = PBXFrameworksBuildPhase;
			buildActionMask = 2147483647;
			files = (
			);
			runOnlyForDeploymentPostprocessing = 0;
		};
/* End PBXFrameworksBuildPhase section */

/* Begin PBXGroup section */
		CA70502425734E800036B4FB = {
			isa = PBXGroup;
			children = (
				CA70502F25734E800036B4FB /* DiWithPropertyWrapper */,
				CA70502E25734E800036B4FB /* Products */,
			);
			sourceTree = "<group>";
		};
		CA70502E25734E800036B4FB /* Products */ = {
			isa = PBXGroup;
			children = (
				CA70502D25734E800036B4FB /* DiWithPropertyWrapper.app */,
			);
			name = Products;
			sourceTree = "<group>";
		};
		CA70502F25734E800036B4FB /* DiWithPropertyWrapper */ = {
			isa = PBXGroup;
			children = (
				CA70503025734E800036B4FB /* AppDelegate.swift */,
				CA705052257357400036B4FB /* DiContainer.swift */,
				CA70503425734E800036B4FB /* CoffeeMakerViewController.swift */,
				CA70504525734E960036B4FB /* Components.swift */,
				CA70504825734EDA0036B4FB /* CoffeeMakerViewModel.swift */,
				CA9160B725761F7C00DA1829 /* CoffeMakerCoordinator.swift */,
				CA9160B425761E5300DA1829 /* CustomerViewModel.swift */,
				CA70504F25734F150036B4FB /* Inject.swift */,
				CA70504C25734EFF0036B4FB /* Resolver.swift */,
				CA70503625734E800036B4FB /* Main.storyboard */,
				CA70503925734E810036B4FB /* Assets.xcassets */,
				CA70503B25734E810036B4FB /* LaunchScreen.storyboard */,
				CA70503E25734E810036B4FB /* Info.plist */,
				CA9160BA2576204100DA1829 /* NextViewController.swift */,
			);
			path = DiWithPropertyWrapper;
			sourceTree = "<group>";
		};
/* End PBXGroup section */

/* Begin PBXNativeTarget section */
		CA70502C25734E800036B4FB /* DiWithPropertyWrapper */ = {
			isa = PBXNativeTarget;
			buildConfigurationList = CA70504125734E810036B4FB /* Build configuration list for PBXNativeTarget "DiWithPropertyWrapper" */;
			buildPhases = (
				CA70502925734E800036B4FB /* Sources */,
				CA70502A25734E800036B4FB /* Frameworks */,
				CA70502B25734E800036B4FB /* Resources */,
			);
			buildRules = (
			);
			dependencies = (
			);
			name = DiWithPropertyWrapper;
			productName = DiWithPropertyWrapper;
			productReference = CA70502D25734E800036B4FB /* DiWithPropertyWrapper.app */;
			productType = "com.apple.product-type.application";
		};
/* End PBXNativeTarget section */

/* Begin PBXProject section */
		CA70502525734E800036B4FB /* Project object */ = {
			isa = PBXProject;
			attributes = {
				LastSwiftUpdateCheck = 1220;
				LastUpgradeCheck = 1220;
				TargetAttributes = {
					CA70502C25734E800036B4FB = {
						CreatedOnToolsVersion = 12.2;
					};
				};
			};
			buildConfigurationList = CA70502825734E800036B4FB /* Build configuration list for PBXProject "DiWithPropertyWrapper" */;
			compatibilityVersion = "Xcode 9.3";
			developmentRegion = en;
			hasScannedForEncodings = 0;
			knownRegions = (
				en,
				Base,
			);
			mainGroup = CA70502425734E800036B4FB;
			productRefGroup = CA70502E25734E800036B4FB /* Products */;
			projectDirPath = "";
			projectRoot = "";
			targets = (
				CA70502C25734E800036B4FB /* DiWithPropertyWrapper */,
			);
		};
/* End PBXProject section */

/* Begin PBXResourcesBuildPhase section */
		CA70502B25734E800036B4FB /* Resources */ = {
			isa = PBXResourcesBuildPhase;
			buildActionMask = 2147483647;
			files = (
				CA70503D25734E810036B4FB /* LaunchScreen.storyboard in Resources */,
				CA70503A25734E810036B4FB /* Assets.xcassets in Resources */,
				CA70503825734E800036B4FB /* Main.storyboard in Resources */,
			);
			runOnlyForDeploymentPostprocessing = 0;
		};
/* End PBXResourcesBuildPhase section */

/* Begin PBXSourcesBuildPhase section */
		CA70502925734E800036B4FB /* Sources */ = {
			isa = PBXSourcesBuildPhase;
			buildActionMask = 2147483647;
			files = (
				CA70505025734F150036B4FB /* Inject.swift in Sources */,
				CA9160B825761F7C00DA1829 /* CoffeMakerCoordinator.swift in Sources */,
				CA70503525734E800036B4FB /* CoffeeMakerViewController.swift in Sources */,
				CA70504625734E960036B4FB /* Components.swift in Sources */,
				CA70503125734E800036B4FB /* AppDelegate.swift in Sources */,
				CA9160BB2576204100DA1829 /* NextViewController.swift in Sources */,
				CA705053257357400036B4FB /* DiContainer.swift in Sources */,
				CA9160B525761E5300DA1829 /* CustomerViewModel.swift in Sources */,
				CA70504D25734EFF0036B4FB /* Resolver.swift in Sources */,
				CA70504925734EDA0036B4FB /* CoffeeMakerViewModel.swift in Sources */,
			);
			runOnlyForDeploymentPostprocessing = 0;
		};
/* End PBXSourcesBuildPhase section */

/* Begin PBXVariantGroup section */
		CA70503625734E800036B4FB /* Main.storyboard */ = {
			isa = PBXVariantGroup;
			children = (
				CA70503725734E800036B4FB /* Base */,
			);
			name = Main.storyboard;
			sourceTree = "<group>";
		};
		CA70503B25734E810036B4FB /* LaunchScreen.storyboard */ = {
			isa = PBXVariantGroup;
			children = (
				CA70503C25734E810036B4FB /* Base */,
			);
			name = LaunchScreen.storyboard;
			sourceTree = "<group>";
		};
/* End PBXVariantGroup section */

/* Begin XCBuildConfiguration section */
		CA70503F25734E810036B4FB /* Debug */ = {
			isa = XCBuildConfiguration;
			buildSettings = {
				ALWAYS_SEARCH_USER_PATHS = NO;
				CLANG_ANALYZER_NONNULL = YES;
				CLANG_ANALYZER_NUMBER_OBJECT_CONVERSION = YES_AGGRESSIVE;
				CLANG_CXX_LANGUAGE_STANDARD = "gnu++14";
				CLANG_CXX_LIBRARY = "libc++";
				CLANG_ENABLE_MODULES = YES;
				CLANG_ENABLE_OBJC_ARC = YES;
				CLANG_ENABLE_OBJC_WEAK = YES;
				CLANG_WARN_BLOCK_CAPTURE_AUTORELEASING = YES;
				CLANG_WARN_BOOL_CONVERSION = YES;
				CLANG_WARN_COMMA = YES;
				CLANG_WARN_CONSTANT_CONVERSION = YES;
				CLANG_WARN_DEPRECATED_OBJC_IMPLEMENTATIONS = YES;
				CLANG_WARN_DIRECT_OBJC_ISA_USAGE = YES_ERROR;
				CLANG_WARN_DOCUMENTATION_COMMENTS = YES;
				CLANG_WARN_EMPTY_BODY = YES;
				CLANG_WARN_ENUM_CONVERSION = YES;
				CLANG_WARN_INFINITE_RECURSION = YES;
				CLANG_WARN_INT_CONVERSION = YES;
				CLANG_WARN_NON_LITERAL_NULL_CONVERSION = YES;
				CLANG_WARN_OBJC_IMPLICIT_RETAIN_SELF = YES;
				CLANG_WARN_OBJC_LITERAL_CONVERSION = YES;
				CLANG_WARN_OBJC_ROOT_CLASS = YES_ERROR;
				CLANG_WARN_QUOTED_INCLUDE_IN_FRAMEWORK_HEADER = YES;
				CLANG_WARN_RANGE_LOOP_ANALYSIS = YES;
				CLANG_WARN_STRICT_PROTOTYPES = YES;
				CLANG_WARN_SUSPICIOUS_MOVE = YES;
				CLANG_WARN_UNGUARDED_AVAILABILITY = YES_AGGRESSIVE;
				CLANG_WARN_UNREACHABLE_CODE = YES;
				CLANG_WARN__DUPLICATE_METHOD_MATCH = YES;
				COPY_PHASE_STRIP = NO;
				DEBUG_INFORMATION_FORMAT = dwarf;
				ENABLE_STRICT_OBJC_MSGSEND = YES;
				ENABLE_TESTABILITY = YES;
				GCC_C_LANGUAGE_STANDARD = gnu11;
				GCC_DYNAMIC_NO_PIC = NO;
				GCC_NO_COMMON_BLOCKS = YES;
				GCC_OPTIMIZATION_LEVEL = 0;
				GCC_PREPROCESSOR_DEFINITIONS = (
					"DEBUG=1",
					"$(inherited)",
				);
				GCC_WARN_64_TO_32_BIT_CONVERSION = YES;
				GCC_WARN_ABOUT_RETURN_TYPE = YES_ERROR;
				GCC_WARN_UNDECLARED_SELECTOR = YES;
				GCC_WARN_UNINITIALIZED_AUTOS = YES_AGGRESSIVE;
				GCC_WARN_UNUSED_FUNCTION = YES;
				GCC_WARN_UNUSED_VARIABLE = YES;
				IPHONEOS_DEPLOYMENT_TARGET = 12.0;
				MTL_ENABLE_DEBUG_INFO = INCLUDE_SOURCE;
				MTL_FAST_MATH = YES;
				ONLY_ACTIVE_ARCH = YES;
				SDKROOT = iphoneos;
				SWIFT_ACTIVE_COMPILATION_CONDITIONS = DEBUG;
				SWIFT_OPTIMIZATION_LEVEL = "-Onone";
			};
			name = Debug;
		};
		CA70504025734E810036B4FB /* Release */ = {
			isa = XCBuildConfiguration;
			buildSettings = {
				ALWAYS_SEARCH_USER_PATHS = NO;
				CLANG_ANALYZER_NONNULL = YES;
				CLANG_ANALYZER_NUMBER_OBJECT_CONVERSION = YES_AGGRESSIVE;
				CLANG_CXX_LANGUAGE_STANDARD = "gnu++14";
				CLANG_CXX_LIBRARY = "libc++";
				CLANG_ENABLE_MODULES = YES;
				CLANG_ENABLE_OBJC_ARC = YES;
				CLANG_ENABLE_OBJC_WEAK = YES;
				CLANG_WARN_BLOCK_CAPTURE_AUTORELEASING = YES;
				CLANG_WARN_BOOL_CONVERSION = YES;
				CLANG_WARN_COMMA = YES;
				CLANG_WARN_CONSTANT_CONVERSION = YES;
				CLANG_WARN_DEPRECATED_OBJC_IMPLEMENTATIONS = YES;
				CLANG_WARN_DIRECT_OBJC_ISA_USAGE = YES_ERROR;
				CLANG_WARN_DOCUMENTATION_COMMENTS = YES;
				CLANG_WARN_EMPTY_BODY = YES;
				CLANG_WARN_ENUM_CONVERSION = YES;
				CLANG_WARN_INFINITE_RECURSION = YES;
				CLANG_WARN_INT_CONVERSION = YES;
				CLANG_WARN_NON_LITERAL_NULL_CONVERSION = YES;
				CLANG_WARN_OBJC_IMPLICIT_RETAIN_SELF = YES;
				CLANG_WARN_OBJC_LITERAL_CONVERSION = YES;
				CLANG_WARN_OBJC_ROOT_CLASS = YES_ERROR;
				CLANG_WARN_QUOTED_INCLUDE_IN_FRAMEWORK_HEADER = YES;
				CLANG_WARN_RANGE_LOOP_ANALYSIS = YES;
				CLANG_WARN_STRICT_PROTOTYPES = YES;
				CLANG_WARN_SUSPICIOUS_MOVE = YES;
				CLANG_WARN_UNGUARDED_AVAILABILITY = YES_AGGRESSIVE;
				CLANG_WARN_UNREACHABLE_CODE = YES;
				CLANG_WARN__DUPLICATE_METHOD_MATCH = YES;
				COPY_PHASE_STRIP = NO;
				DEBUG_INFORMATION_FORMAT = "dwarf-with-dsym";
				ENABLE_NS_ASSERTIONS = NO;
				ENABLE_STRICT_OBJC_MSGSEND = YES;
				GCC_C_LANGUAGE_STANDARD = gnu11;
				GCC_NO_COMMON_BLOCKS = YES;
				GCC_WARN_64_TO_32_BIT_CONVERSION = YES;
				GCC_WARN_ABOUT_RETURN_TYPE = YES_ERROR;
				GCC_WARN_UNDECLARED_SELECTOR = YES;
				GCC_WARN_UNINITIALIZED_AUTOS = YES_AGGRESSIVE;
				GCC_WARN_UNUSED_FUNCTION = YES;
				GCC_WARN_UNUSED_VARIABLE = YES;
				IPHONEOS_DEPLOYMENT_TARGET = 12.0;
				MTL_ENABLE_DEBUG_INFO = NO;
				MTL_FAST_MATH = YES;
				SDKROOT = iphoneos;
				SWIFT_COMPILATION_MODE = wholemodule;
				SWIFT_OPTIMIZATION_LEVEL = "-O";
				VALIDATE_PRODUCT = YES;
			};
			name = Release;
		};
		CA70504225734E810036B4FB /* Debug */ = {
			isa = XCBuildConfiguration;
			buildSettings = {
				ASSETCATALOG_COMPILER_APPICON_NAME = AppIcon;
				ASSETCATALOG_COMPILER_GLOBAL_ACCENT_COLOR_NAME = AccentColor;
				CODE_SIGN_STYLE = Automatic;
				DEVELOPMENT_TEAM = HGQ9YZ4HTR;
				INFOPLIST_FILE = DiWithPropertyWrapper/Info.plist;
				LD_RUNPATH_SEARCH_PATHS = (
					"$(inherited)",
					"@executable_path/Frameworks",
				);
				PRODUCT_BUNDLE_IDENTIFIER = com.devming.DiWithPropertyWrapper;
				PRODUCT_NAME = "$(TARGET_NAME)";
				SWIFT_VERSION = 5.0;
				TARGETED_DEVICE_FAMILY = "1,2";
			};
			name = Debug;
		};
		CA70504325734E810036B4FB /* Release */ = {
			isa = XCBuildConfiguration;
			buildSettings = {
				ASSETCATALOG_COMPILER_APPICON_NAME = AppIcon;
				ASSETCATALOG_COMPILER_GLOBAL_ACCENT_COLOR_NAME = AccentColor;
				CODE_SIGN_STYLE = Automatic;
				DEVELOPMENT_TEAM = HGQ9YZ4HTR;
				INFOPLIST_FILE = DiWithPropertyWrapper/Info.plist;
				LD_RUNPATH_SEARCH_PATHS = (
					"$(inherited)",
					"@executable_path/Frameworks",
				);
				PRODUCT_BUNDLE_IDENTIFIER = com.devming.DiWithPropertyWrapper;
				PRODUCT_NAME = "$(TARGET_NAME)";
				SWIFT_VERSION = 5.0;
				TARGETED_DEVICE_FAMILY = "1,2";
			};
			name = Release;
		};
/* End XCBuildConfiguration section */

/* Begin XCConfigurationList section */
		CA70502825734E800036B4FB /* Build configuration list for PBXProject "DiWithPropertyWrapper" */ = {
			isa = XCConfigurationList;
			buildConfigurations = (
				CA70503F25734E810036B4FB /* Debug */,
				CA70504025734E810036B4FB /* Release */,
			);
			defaultConfigurationIsVisible = 0;
			defaultConfigurationName = Release;
		};
		CA70504125734E810036B4FB /* Build configuration list for PBXNativeTarget "DiWithPropertyWrapper" */ = {
			isa = XCConfigurationList;
			buildConfigurations = (
				CA70504225734E810036B4FB /* Debug */,
				CA70504325734E810036B4FB /* Release */,
			);
			defaultConfigurationIsVisible = 0;
			defaultConfigurationName = Release;
		};
/* End XCConfigurationList section */
	};
	rootObject = CA70502525734E800036B4FB /* Project object */;
}
